
Microsoft Visual Studio Solution File, Format Version 12.00
# Visual Studio 15
Project("{FAE04EC0-301F-11D3-BF4B-00C04F79EFBC}") = "Assembly-CSharp", "Assembly-CSharp.csproj", "{4922AA88-3911-BC90-49A5-0B686E29735B}"
EndProject
Project("{FAE04EC0-301F-11D3-BF4B-00C04F79EFBC}") = "Assembly-CSharp-Editor", "Assembly-CSharp-Editor.csproj", "{6208F006-3E2F-DAB0-FD53-589181BB33FC}"
EndProject
Global
	GlobalSection(SolutionConfigurationPlatforms) = preSolution
		Debug|Any CPU = Debug|Any CPU
		Release|Any CPU = Release|Any CPU
	EndGlobalSection
	GlobalSection(ProjectConfigurationPlatforms) = postSolution
		{4922AA88-3911-BC90-49A5-0B686E29735B}.Debug|Any CPU.ActiveCfg = Debug|Any CPU
		{4922AA88-3911-BC90-49A5-0B686E29735B}.Debug|Any CPU.Build.0 = Debug|Any CPU
		{4922AA88-3911-BC90-49A5-0B686E29735B}.Release|Any CPU.ActiveCfg = Release|Any CPU
		{4922AA88-3911-BC90-49A5-0B686E29735B}.Release|Any CPU.Build.0 = Release|Any CPU
		{6208F006-3E2F-DAB0-FD53-589181BB33FC}.Debug|Any CPU.ActiveCfg = Debug|Any CPU
		{6208F006-3E2F-DAB0-FD53-589181BB33FC}.Debug|Any CPU.Build.0 = Debug|Any CPU
		{6208F006-3E2F-DAB0-FD53-589181BB33FC}.Release|Any CPU.ActiveCfg = Release|Any CPU
		{6208F006-3E2F-DAB0-FD53-589181BB33FC}.Release|Any CPU.Build.0 = Release|Any CPU
	EndGlobalSection
	GlobalSection(SolutionProperties) = preSolution
		HideSolutionNode = FALSE
	EndGlobalSection
EndGlobal
